
Microsoft Visual Studio Solution File, Format Version 12.00
# Visual Studio Version 16
VisualStudioVersion = 16.0.30804.86
MinimumVisualStudioVersion = 10.0.40219.1
Project("{FAE04EC0-301F-11D3-BF4B-00C04F79EFBC}") = "MealPlanner.API", "MealPlanner.API\MealPlanner.API.csproj", "{A5EC264C-938D-4F22-B43C-5D83BD37BEB5}"
EndProject
Project("{FAE04EC0-301F-11D3-BF4B-00C04F79EFBC}") = "MealPlanner.Data", "MealPlanner.Data\MealPlanner.Data.csproj", "{77F22643-FEA7-4EB3-BD20-0E307D0538DD}"
EndProject
Project("{FAE04EC0-301F-11D3-BF4B-00C04F79EFBC}") = "MealPlanner.Service", "MealPlanner.Service\MealPlanner.Service.csproj", "{309CBA30-DBD0-433E-9116-99CC3CA590AA}"
EndProject
Global
	GlobalSection(SolutionConfigurationPlatforms) = preSolution
		Debug|Any CPU = Debug|Any CPU
		Release|Any CPU = Release|Any CPU
	EndGlobalSection
	GlobalSection(ProjectConfigurationPlatforms) = postSolution
		{A5EC264C-938D-4F22-B43C-5D83BD37BEB5}.Debug|Any CPU.ActiveCfg = Debug|Any CPU
		{A5EC264C-938D-4F22-B43C-5D83BD37BEB5}.Debug|Any CPU.Build.0 = Debug|Any CPU
		{A5EC264C-938D-4F22-B43C-5D83BD37BEB5}.Release|Any CPU.ActiveCfg = Release|Any CPU
		{A5EC264C-938D-4F22-B43C-5D83BD37BEB5}.Release|Any CPU.Build.0 = Release|Any CPU
		{77F22643-FEA7-4EB3-BD20-0E307D0538DD}.Debug|Any CPU.ActiveCfg = Debug|Any CPU
		{77F22643-FEA7-4EB3-BD20-0E307D0538DD}.Debug|Any CPU.Build.0 = Debug|Any CPU
		{77F22643-FEA7-4EB3-BD20-0E307D0538DD}.Release|Any CPU.ActiveCfg = Release|Any CPU
		{77F22643-FEA7-4EB3-BD20-0E307D0538DD}.Release|Any CPU.Build.0 = Release|Any CPU
		{309CBA30-DBD0-433E-9116-99CC3CA590AA}.Debug|Any CPU.ActiveCfg = Debug|Any CPU
		{309CBA30-DBD0-433E-9116-99CC3CA590AA}.Debug|Any CPU.Build.0 = Debug|Any CPU
		{309CBA30-DBD0-433E-9116-99CC3CA590AA}.Release|Any CPU.ActiveCfg = Release|Any CPU
		{309CBA30-DBD0-433E-9116-99CC3CA590AA}.Release|Any CPU.Build.0 = Release|Any CPU
	EndGlobalSection
	GlobalSection(SolutionProperties) = preSolution
		HideSolutionNode = FALSE
	EndGlobalSection
	GlobalSection(ExtensibilityGlobals) = postSolution
		SolutionGuid = {8B11B040-5795-4F5B-BC61-9D3B6BE057C7}
	EndGlobalSection
EndGlobal
